title: TrainingBlock
type: object
properties:
  id:
    type: integer
    description: Class TrainingBlock
  facility:
    type: string
    description: Class TrainingBlock
  order:
    type: integer
    description: Class TrainingBlock
  name:
    type: string
    description: Class TrainingBlock
  visible:
    type: integer
    description: Class TrainingBlock
